
Microsoft Visual Studio Solution File, Format Version 12.00
# Visual Studio Version 16
VisualStudioVersion = 16.0.31402.337
MinimumVisualStudioVersion = 10.0.40219.1
Project("{FAE04EC0-301F-11D3-BF4B-00C04F79EFBC}") = "Project1", "Project1.csproj", "{C5BB16AE-2466-4D8C-A033-DDB24B4D81DE}"
EndProject
Global
	GlobalSection(SolutionConfigurationPlatforms) = preSolution
		Debug|Any CPU = Debug|Any CPU
		Release|Any CPU = Release|Any CPU
	EndGlobalSection
	GlobalSection(ProjectConfigurationPlatforms) = postSolution
		{C5BB16AE-2466-4D8C-A033-DDB24B4D81DE}.Debug|Any CPU.ActiveCfg = Debug|Any CPU
		{C5BB16AE-2466-4D8C-A033-DDB24B4D81DE}.Debug|Any CPU.Build.0 = Debug|Any CPU
		{C5BB16AE-2466-4D8C-A033-DDB24B4D81DE}.Release|Any CPU.ActiveCfg = Release|Any CPU
		{C5BB16AE-2466-4D8C-A033-DDB24B4D81DE}.Release|Any CPU.Build.0 = Release|Any CPU
	EndGlobalSection
	GlobalSection(SolutionProperties) = preSolution
		HideSolutionNode = FALSE
	EndGlobalSection
	GlobalSection(ExtensibilityGlobals) = postSolution
		SolutionGuid = {CD61096E-0223-4744-88C3-432F9B9AB15F}
	EndGlobalSection
EndGlobal
